
Microsoft Visual Studio Solution File, Format Version 12.00
# Visual Studio Version 17
VisualStudioVersion = 17.3.32825.248
MinimumVisualStudioVersion = 10.0.40219.1
Project("{FAE04EC0-301F-11D3-BF4B-00C04F79EFBC}") = "Task1", "Task1\Task1.csproj", "{1C478A37-3BF7-4408-B8D1-CFDBE6FC2B0B}"
EndProject
Project("{FAE04EC0-301F-11D3-BF4B-00C04F79EFBC}") = "Task2", "Task2\Task2.csproj", "{59E67F71-B6B3-426F-95C0-6134749566C7}"
EndProject
Project("{FAE04EC0-301F-11D3-BF4B-00C04F79EFBC}") = "Task3", "Task3\Task3.csproj", "{1CF7EC7C-7290-4C95-9B6D-29A970612C24}"
EndProject
Global
	GlobalSection(SolutionConfigurationPlatforms) = preSolution
		Debug|Any CPU = Debug|Any CPU
		Release|Any CPU = Release|Any CPU
	EndGlobalSection
	GlobalSection(ProjectConfigurationPlatforms) = postSolution
		{1C478A37-3BF7-4408-B8D1-CFDBE6FC2B0B}.Debug|Any CPU.ActiveCfg = Debug|Any CPU
		{1C478A37-3BF7-4408-B8D1-CFDBE6FC2B0B}.Debug|Any CPU.Build.0 = Debug|Any CPU
		{1C478A37-3BF7-4408-B8D1-CFDBE6FC2B0B}.Release|Any CPU.ActiveCfg = Release|Any CPU
		{1C478A37-3BF7-4408-B8D1-CFDBE6FC2B0B}.Release|Any CPU.Build.0 = Release|Any CPU
		{59E67F71-B6B3-426F-95C0-6134749566C7}.Debug|Any CPU.ActiveCfg = Debug|Any CPU
		{59E67F71-B6B3-426F-95C0-6134749566C7}.Debug|Any CPU.Build.0 = Debug|Any CPU
		{59E67F71-B6B3-426F-95C0-6134749566C7}.Release|Any CPU.ActiveCfg = Release|Any CPU
		{59E67F71-B6B3-426F-95C0-6134749566C7}.Release|Any CPU.Build.0 = Release|Any CPU
		{1CF7EC7C-7290-4C95-9B6D-29A970612C24}.Debug|Any CPU.ActiveCfg = Debug|Any CPU
		{1CF7EC7C-7290-4C95-9B6D-29A970612C24}.Debug|Any CPU.Build.0 = Debug|Any CPU
		{1CF7EC7C-7290-4C95-9B6D-29A970612C24}.Release|Any CPU.ActiveCfg = Release|Any CPU
		{1CF7EC7C-7290-4C95-9B6D-29A970612C24}.Release|Any CPU.Build.0 = Release|Any CPU
	EndGlobalSection
	GlobalSection(SolutionProperties) = preSolution
		HideSolutionNode = FALSE
	EndGlobalSection
	GlobalSection(ExtensibilityGlobals) = postSolution
		SolutionGuid = {2B946797-8BF3-49E3-9209-B7B7D000CB0F}
	EndGlobalSection
EndGlobal
